// !$*UTF8*$!
{
	archiveVersion = 1;
	classes = {
	};
	objectVersion = 46;
	objects = {

/* Begin PBXBuildFile section */
		3C7E6B3E9EDA4A67E154DFAD /* Pods_CBCSearch.framework in Frameworks */ = {isa = PBXBuildFile; fileRef = 7A879D5585389BFE6316DA0C /* Pods_CBCSearch.framework */; };
		3F6D76581E40F3CA00FD8A73 /* AppDelegate.swift in Sources */ = {isa = PBXBuildFile; fileRef = 3F6D76571E40F3CA00FD8A73 /* AppDelegate.swift */; };
		3F6D765A1E40F3CA00FD8A73 /* ViewController.swift in Sources */ = {isa = PBXBuildFile; fileRef = 3F6D76591E40F3CA00FD8A73 /* ViewController.swift */; };
		3F6D765D1E40F3CA00FD8A73 /* Main.storyboard in Resources */ = {isa = PBXBuildFile; fileRef = 3F6D765B1E40F3CA00FD8A73 /* Main.storyboard */; };
		3F6D765F1E40F3CA00FD8A73 /* Assets.xcassets in Resources */ = {isa = PBXBuildFile; fileRef = 3F6D765E1E40F3CA00FD8A73 /* Assets.xcassets */; };
		3F6D76621E40F3CA00FD8A73 /* LaunchScreen.storyboard in Resources */ = {isa = PBXBuildFile; fileRef = 3F6D76601E40F3CA00FD8A73 /* LaunchScreen.storyboard */; };
		3F6D766D1E40F3CA00FD8A73 /* CBCSearchTests.swift in Sources */ = {isa = PBXBuildFile; fileRef = 3F6D766C1E40F3CA00FD8A73 /* CBCSearchTests.swift */; };
		3F6D767D1E40F65F00FD8A73 /* LineupItemModel.swift in Sources */ = {isa = PBXBuildFile; fileRef = 3F6D767B1E40F65F00FD8A73 /* LineupItemModel.swift */; };
		3F6D767E1E40F65F00FD8A73 /* VideoLineupItemModel.swift in Sources */ = {isa = PBXBuildFile; fileRef = 3F6D767C1E40F65F00FD8A73 /* VideoLineupItemModel.swift */; };
		3F6D76831E40F9CB00FD8A73 /* LineupDataDelegate.swift in Sources */ = {isa = PBXBuildFile; fileRef = 3F6D76821E40F9CB00FD8A73 /* LineupDataDelegate.swift */; };
		B4D567FFD71178E781451E83 /* Pods_CBCSearchTests.framework in Frameworks */ = {isa = PBXBuildFile; fileRef = 5B85B6FB52CA1FABB10830CD /* Pods_CBCSearchTests.framework */; };
/* End PBXBuildFile section */

/* Begin PBXContainerItemProxy section */
		3F6D76691E40F3CA00FD8A73 /* PBXContainerItemProxy */ = {
			isa = PBXContainerItemProxy;
			containerPortal = 3F6D764C1E40F3CA00FD8A73 /* Project object */;
			proxyType = 1;
			remoteGlobalIDString = 3F6D76531E40F3CA00FD8A73;
			remoteInfo = CBCSearch;
		};
/* End PBXContainerItemProxy section */

/* Begin PBXFileReference section */
		3F6D76541E40F3CA00FD8A73 /* CBCSearch.app */ = {isa = PBXFileReference; explicitFileType = wrapper.application; includeInIndex = 0; path = CBCSearch.app; sourceTree = BUILT_PRODUCTS_DIR; };
		3F6D76571E40F3CA00FD8A73 /* AppDelegate.swift */ = {isa = PBXFileReference; lastKnownFileType = sourcecode.swift; path = AppDelegate.swift; sourceTree = "<group>"; };
		3F6D76591E40F3CA00FD8A73 /* ViewController.swift */ = {isa = PBXFileReference; lastKnownFileType = sourcecode.swift; path = ViewController.swift; sourceTree = "<group>"; };
		3F6D765C1E40F3CA00FD8A73 /* Base */ = {isa = PBXFileReference; lastKnownFileType = file.storyboard; name = Base; path = Base.lproj/Main.storyboard; sourceTree = "<group>"; };
		3F6D765E1E40F3CA00FD8A73 /* Assets.xcassets */ = {isa = PBXFileReference; lastKnownFileType = folder.assetcatalog; path = Assets.xcassets; sourceTree = "<group>"; };
		3F6D76611E40F3CA00FD8A73 /* Base */ = {isa = PBXFileReference; lastKnownFileType = file.storyboard; name = Base; path = Base.lproj/LaunchScreen.storyboard; sourceTree = "<group>"; };
		3F6D76631E40F3CA00FD8A73 /* Info.plist */ = {isa = PBXFileReference; lastKnownFileType = text.plist.xml; path = Info.plist; sourceTree = "<group>"; };
		3F6D76681E40F3CA00FD8A73 /* CBCSearchTests.xctest */ = {isa = PBXFileReference; explicitFileType = wrapper.cfbundle; includeInIndex = 0; path = CBCSearchTests.xctest; sourceTree = BUILT_PRODUCTS_DIR; };
		3F6D766C1E40F3CA00FD8A73 /* CBCSearchTests.swift */ = {isa = PBXFileReference; lastKnownFileType = sourcecode.swift; path = CBCSearchTests.swift; sourceTree = "<group>"; };
		3F6D766E1E40F3CA00FD8A73 /* Info.plist */ = {isa = PBXFileReference; lastKnownFileType = text.plist.xml; path = Info.plist; sourceTree = "<group>"; };
		3F6D767B1E40F65F00FD8A73 /* LineupItemModel.swift */ = {isa = PBXFileReference; fileEncoding = 4; lastKnownFileType = sourcecode.swift; path = LineupItemModel.swift; sourceTree = "<group>"; };
		3F6D767C1E40F65F00FD8A73 /* VideoLineupItemModel.swift */ = {isa = PBXFileReference; fileEncoding = 4; lastKnownFileType = sourcecode.swift; path = VideoLineupItemModel.swift; sourceTree = "<group>"; };
		3F6D76821E40F9CB00FD8A73 /* LineupDataDelegate.swift */ = {isa = PBXFileReference; fileEncoding = 4; lastKnownFileType = sourcecode.swift; path = LineupDataDelegate.swift; sourceTree = "<group>"; };
		529E10031981E292E8EA917D /* Pods-CBCSearch.debug.xcconfig */ = {isa = PBXFileReference; includeInIndex = 1; lastKnownFileType = text.xcconfig; name = "Pods-CBCSearch.debug.xcconfig"; path = "Pods/Target Support Files/Pods-CBCSearch/Pods-CBCSearch.debug.xcconfig"; sourceTree = "<group>"; };
		5B85B6FB52CA1FABB10830CD /* Pods_CBCSearchTests.framework */ = {isa = PBXFileReference; explicitFileType = wrapper.framework; includeInIndex = 0; path = Pods_CBCSearchTests.framework; sourceTree = BUILT_PRODUCTS_DIR; };
		7A879D5585389BFE6316DA0C /* Pods_CBCSearch.framework */ = {isa = PBXFileReference; explicitFileType = wrapper.framework; includeInIndex = 0; path = Pods_CBCSearch.framework; sourceTree = BUILT_PRODUCTS_DIR; };
		A194C4861936ED8C4B35FE41 /* Pods-CBCSearchTests.debug.xcconfig */ = {isa = PBXFileReference; includeInIndex = 1; lastKnownFileType = text.xcconfig; name = "Pods-CBCSearchTests.debug.xcconfig"; path = "Pods/Target Support Files/Pods-CBCSearchTests/Pods-CBCSearchTests.debug.xcconfig"; sourceTree = "<group>"; };
		D0BC006195D7FD87B99C8739 /* Pods-CBCSearch.release.xcconfig */ = {isa = PBXFileReference; includeInIndex = 1; lastKnownFileType = text.xcconfig; name = "Pods-CBCSearch.release.xcconfig"; path = "Pods/Target Support Files/Pods-CBCSearch/Pods-CBCSearch.release.xcconfig"; sourceTree = "<group>"; };
		FAE75EB349C628A2193C295A /* Pods-CBCSearchTests.release.xcconfig */ = {isa = PBXFileReference; includeInIndex = 1; lastKnownFileType = text.xcconfig; name = "Pods-CBCSearchTests.release.xcconfig"; path = "Pods/Target Support Files/Pods-CBCSearchTests/Pods-CBCSearchTests.release.xcconfig"; sourceTree = "<group>"; };
/* End PBXFileReference section */

/* Begin PBXFrameworksBuildPhase section */
		3F6D76511E40F3CA00FD8A73 /* Frameworks */ = {
			isa = PBXFrameworksBuildPhase;
			buildActionMask = 2147483647;
			files = (
				3C7E6B3E9EDA4A67E154DFAD /* Pods_CBCSearch.framework in Frameworks */,
			);
			runOnlyForDeploymentPostprocessing = 0;
		};
		3F6D76651E40F3CA00FD8A73 /* Frameworks */ = {
			isa = PBXFrameworksBuildPhase;
			buildActionMask = 2147483647;
			files = (
				B4D567FFD71178E781451E83 /* Pods_CBCSearchTests.framework in Frameworks */,
			);
			runOnlyForDeploymentPostprocessing = 0;
		};
/* End PBXFrameworksBuildPhase section */

/* Begin PBXGroup section */
		0B4D098B5FF66152A191D648 /* Pods */ = {
			isa = PBXGroup;
			children = (
				529E10031981E292E8EA917D /* Pods-CBCSearch.debug.xcconfig */,
				D0BC006195D7FD87B99C8739 /* Pods-CBCSearch.release.xcconfig */,
				A194C4861936ED8C4B35FE41 /* Pods-CBCSearchTests.debug.xcconfig */,
				FAE75EB349C628A2193C295A /* Pods-CBCSearchTests.release.xcconfig */,
			);
			name = Pods;
			sourceTree = "<group>";
		};
		1D3746F682FC1FD9589EBB01 /* Frameworks */ = {
			isa = PBXGroup;
			children = (
				7A879D5585389BFE6316DA0C /* Pods_CBCSearch.framework */,
				5B85B6FB52CA1FABB10830CD /* Pods_CBCSearchTests.framework */,
			);
			name = Frameworks;
			sourceTree = "<group>";
		};
		3F6D764B1E40F3CA00FD8A73 = {
			isa = PBXGroup;
			children = (
				3F6D76561E40F3CA00FD8A73 /* CBCSearch */,
				3F6D766B1E40F3CA00FD8A73 /* CBCSearchTests */,
				3F6D76551E40F3CA00FD8A73 /* Products */,
				0B4D098B5FF66152A191D648 /* Pods */,
				1D3746F682FC1FD9589EBB01 /* Frameworks */,
			);
			sourceTree = "<group>";
		};
		3F6D76551E40F3CA00FD8A73 /* Products */ = {
			isa = PBXGroup;
			children = (
				3F6D76541E40F3CA00FD8A73 /* CBCSearch.app */,
				3F6D76681E40F3CA00FD8A73 /* CBCSearchTests.xctest */,
			);
			name = Products;
			sourceTree = "<group>";
		};
		3F6D76561E40F3CA00FD8A73 /* CBCSearch */ = {
			isa = PBXGroup;
			children = (
				3F6D76571E40F3CA00FD8A73 /* AppDelegate.swift */,
				3F6D76811E40F94900FD8A73 /* Model */,
				3F6D76801E40F93C00FD8A73 /* View Model */,
				3F6D767F1E40F93300FD8A73 /* View */,
				3F6D765B1E40F3CA00FD8A73 /* Main.storyboard */,
				3F6D765E1E40F3CA00FD8A73 /* Assets.xcassets */,
				3F6D76601E40F3CA00FD8A73 /* LaunchScreen.storyboard */,
				3F6D76631E40F3CA00FD8A73 /* Info.plist */,
			);
			path = CBCSearch;
			sourceTree = "<group>";
		};
		3F6D766B1E40F3CA00FD8A73 /* CBCSearchTests */ = {
			isa = PBXGroup;
			children = (
				3F6D766C1E40F3CA00FD8A73 /* CBCSearchTests.swift */,
				3F6D766E1E40F3CA00FD8A73 /* Info.plist */,
			);
			path = CBCSearchTests;
			sourceTree = "<group>";
		};
		3F6D767F1E40F93300FD8A73 /* View */ = {
			isa = PBXGroup;
			children = (
				3F6D76591E40F3CA00FD8A73 /* ViewController.swift */,
			);
			name = View;
			sourceTree = "<group>";
		};
		3F6D76801E40F93C00FD8A73 /* View Model */ = {
			isa = PBXGroup;
			children = (
				3F6D76821E40F9CB00FD8A73 /* LineupDataDelegate.swift */,
			);
			name = "View Model";
			sourceTree = "<group>";
		};
		3F6D76811E40F94900FD8A73 /* Model */ = {
			isa = PBXGroup;
			children = (
				3F6D767B1E40F65F00FD8A73 /* LineupItemModel.swift */,
				3F6D767C1E40F65F00FD8A73 /* VideoLineupItemModel.swift */,
			);
			name = Model;
			sourceTree = "<group>";
		};
/* End PBXGroup section */

/* Begin PBXNativeTarget section */
		3F6D76531E40F3CA00FD8A73 /* CBCSearch */ = {
			isa = PBXNativeTarget;
			buildConfigurationList = 3F6D76711E40F3CA00FD8A73 /* Build configuration list for PBXNativeTarget "CBCSearch" */;
			buildPhases = (
				2C77C3F27DDB29362B8D3654 /* [CP] Check Pods Manifest.lock */,
				3F6D76501E40F3CA00FD8A73 /* Sources */,
				3F6D76511E40F3CA00FD8A73 /* Frameworks */,
				3F6D76521E40F3CA00FD8A73 /* Resources */,
				13C374F285D5F445689DE000 /* [CP] Embed Pods Frameworks */,
				235ACC70A74EDE74B86FF41F /* [CP] Copy Pods Resources */,
			);
			buildRules = (
			);
			dependencies = (
			);
			name = CBCSearch;
			productName = CBCSearch;
			productReference = 3F6D76541E40F3CA00FD8A73 /* CBCSearch.app */;
			productType = "com.apple.product-type.application";
		};
		3F6D76671E40F3CA00FD8A73 /* CBCSearchTests */ = {
			isa = PBXNativeTarget;
			buildConfigurationList = 3F6D76741E40F3CA00FD8A73 /* Build configuration list for PBXNativeTarget "CBCSearchTests" */;
			buildPhases = (
				FB41B36D5185D77A22481060 /* [CP] Check Pods Manifest.lock */,
				3F6D76641E40F3CA00FD8A73 /* Sources */,
				3F6D76651E40F3CA00FD8A73 /* Frameworks */,
				3F6D76661E40F3CA00FD8A73 /* Resources */,
				C43BB799B87E88F30A5ACB4E /* [CP] Embed Pods Frameworks */,
				FF095EEAEBE74A2D1FFBDD73 /* [CP] Copy Pods Resources */,
			);
			buildRules = (
			);
			dependencies = (
				3F6D766A1E40F3CA00FD8A73 /* PBXTargetDependency */,
			);
			name = CBCSearchTests;
			productName = CBCSearchTests;
			productReference = 3F6D76681E40F3CA00FD8A73 /* CBCSearchTests.xctest */;
			productType = "com.apple.product-type.bundle.unit-test";
		};
/* End PBXNativeTarget section */

/* Begin PBXProject section */
		3F6D764C1E40F3CA00FD8A73 /* Project object */ = {
			isa = PBXProject;
			attributes = {
				LastSwiftUpdateCheck = 0800;
				LastUpgradeCheck = 0800;
				ORGANIZATIONNAME = cbc;
				TargetAttributes = {
					3F6D76531E40F3CA00FD8A73 = {
						CreatedOnToolsVersion = 8.0;
						DevelopmentTeam = 3BTT3846RD;
						ProvisioningStyle = Automatic;
					};
					3F6D76671E40F3CA00FD8A73 = {
						CreatedOnToolsVersion = 8.0;
						DevelopmentTeam = 3BTT3846RD;
						ProvisioningStyle = Automatic;
						TestTargetID = 3F6D76531E40F3CA00FD8A73;
					};
				};
			};
			buildConfigurationList = 3F6D764F1E40F3CA00FD8A73 /* Build configuration list for PBXProject "CBCSearch" */;
			compatibilityVersion = "Xcode 3.2";
			developmentRegion = English;
			hasScannedForEncodings = 0;
			knownRegions = (
				en,
				Base,
			);
			mainGroup = 3F6D764B1E40F3CA00FD8A73;
			productRefGroup = 3F6D76551E40F3CA00FD8A73 /* Products */;
			projectDirPath = "";
			projectRoot = "";
			targets = (
				3F6D76531E40F3CA00FD8A73 /* CBCSearch */,
				3F6D76671E40F3CA00FD8A73 /* CBCSearchTests */,
			);
		};
/* End PBXProject section */

/* Begin PBXResourcesBuildPhase section */
		3F6D76521E40F3CA00FD8A73 /* Resources */ = {
			isa = PBXResourcesBuildPhase;
			buildActionMask = 2147483647;
			files = (
				3F6D76621E40F3CA00FD8A73 /* LaunchScreen.storyboard in Resources */,
				3F6D765F1E40F3CA00FD8A73 /* Assets.xcassets in Resources */,
				3F6D765D1E40F3CA00FD8A73 /* Main.storyboard in Resources */,
			);
			runOnlyForDeploymentPostprocessing = 0;
		};
		3F6D76661E40F3CA00FD8A73 /* Resources */ = {
			isa = PBXResourcesBuildPhase;
			buildActionMask = 2147483647;
			files = (
			);
			runOnlyForDeploymentPostprocessing = 0;
		};
/* End PBXResourcesBuildPhase section */

/* Begin PBXShellScriptBuildPhase section */
		13C374F285D5F445689DE000 /* [CP] Embed Pods Frameworks */ = {
			isa = PBXShellScriptBuildPhase;
			buildActionMask = 2147483647;
			files = (
			);
			inputPaths = (
			);
			name = "[CP] Embed Pods Frameworks";
			outputPaths = (
			);
			runOnlyForDeploymentPostprocessing = 0;
			shellPath = /bin/sh;
			shellScript = "\"${SRCROOT}/Pods/Target Support Files/Pods-CBCSearch/Pods-CBCSearch-frameworks.sh\"\n";
			showEnvVarsInLog = 0;
		};
		235ACC70A74EDE74B86FF41F /* [CP] Copy Pods Resources */ = {
			isa = PBXShellScriptBuildPhase;
			buildActionMask = 2147483647;
			files = (
			);
			inputPaths = (
			);
			name = "[CP] Copy Pods Resources";
			outputPaths = (
			);
			runOnlyForDeploymentPostprocessing = 0;
			shellPath = /bin/sh;
			shellScript = "\"${SRCROOT}/Pods/Target Support Files/Pods-CBCSearch/Pods-CBCSearch-resources.sh\"\n";
			showEnvVarsInLog = 0;
		};
		2C77C3F27DDB29362B8D3654 /* [CP] Check Pods Manifest.lock */ = {
			isa = PBXShellScriptBuildPhase;
			buildActionMask = 2147483647;
			files = (
			);
			inputPaths = (
			);
			name = "[CP] Check Pods Manifest.lock";
			outputPaths = (
			);
			runOnlyForDeploymentPostprocessing = 0;
			shellPath = /bin/sh;
			shellScript = "diff \"${PODS_ROOT}/../Podfile.lock\" \"${PODS_ROOT}/Manifest.lock\" > /dev/null\nif [ $? != 0 ] ; then\n    # print error to STDERR\n    echo \"error: The sandbox is not in sync with the Podfile.lock. Run \'pod install\' or update your CocoaPods installation.\" >&2\n    exit 1\nfi\n";
			showEnvVarsInLog = 0;
		};
		C43BB799B87E88F30A5ACB4E /* [CP] Embed Pods Frameworks */ = {
			isa = PBXShellScriptBuildPhase;
			buildActionMask = 2147483647;
			files = (
			);
			inputPaths = (
			);
			name = "[CP] Embed Pods Frameworks";
			outputPaths = (
			);
			runOnlyForDeploymentPostprocessing = 0;
			shellPath = /bin/sh;
			shellScript = "\"${SRCROOT}/Pods/Target Support Files/Pods-CBCSearchTests/Pods-CBCSearchTests-frameworks.sh\"\n";
			showEnvVarsInLog = 0;
		};
		FB41B36D5185D77A22481060 /* [CP] Check Pods Manifest.lock */ = {
			isa = PBXShellScriptBuildPhase;
			buildActionMask = 2147483647;
			files = (
			);
			inputPaths = (
			);
			name = "[CP] Check Pods Manifest.lock";
			outputPaths = (
			);
			runOnlyForDeploymentPostprocessing = 0;
			shellPath = /bin/sh;
			shellScript = "diff \"${PODS_ROOT}/../Podfile.lock\" \"${PODS_ROOT}/Manifest.lock\" > /dev/null\nif [ $? != 0 ] ; then\n    # print error to STDERR\n    echo \"error: The sandbox is not in sync with the Podfile.lock. Run \'pod install\' or update your CocoaPods installation.\" >&2\n    exit 1\nfi\n";
			showEnvVarsInLog = 0;
		};
		FF095EEAEBE74A2D1FFBDD73 /* [CP] Copy Pods Resources */ = {
			isa = PBXShellScriptBuildPhase;
			buildActionMask = 2147483647;
			files = (
			);
			inputPaths = (
			);
			name = "[CP] Copy Pods Resources";
			outputPaths = (
			);
			runOnlyForDeploymentPostprocessing = 0;
			shellPath = /bin/sh;
			shellScript = "\"${SRCROOT}/Pods/Target Support Files/Pods-CBCSearchTests/Pods-CBCSearchTests-resources.sh\"\n";
			showEnvVarsInLog = 0;
		};
/* End PBXShellScriptBuildPhase section */

/* Begin PBXSourcesBuildPhase section */
		3F6D76501E40F3CA00FD8A73 /* Sources */ = {
			isa = PBXSourcesBuildPhase;
			buildActionMask = 2147483647;
			files = (
				3F6D765A1E40F3CA00FD8A73 /* ViewController.swift in Sources */,
				3F6D76831E40F9CB00FD8A73 /* LineupDataDelegate.swift in Sources */,
				3F6D767E1E40F65F00FD8A73 /* VideoLineupItemModel.swift in Sources */,
				3F6D76581E40F3CA00FD8A73 /* AppDelegate.swift in Sources */,
				3F6D767D1E40F65F00FD8A73 /* LineupItemModel.swift in Sources */,
			);
			runOnlyForDeploymentPostprocessing = 0;
		};
		3F6D76641E40F3CA00FD8A73 /* Sources */ = {
			isa = PBXSourcesBuildPhase;
			buildActionMask = 2147483647;
			files = (
				3F6D766D1E40F3CA00FD8A73 /* CBCSearchTests.swift in Sources */,
			);
			runOnlyForDeploymentPostprocessing = 0;
		};
/* End PBXSourcesBuildPhase section */

/* Begin PBXTargetDependency section */
		3F6D766A1E40F3CA00FD8A73 /* PBXTargetDependency */ = {
			isa = PBXTargetDependency;
			target = 3F6D76531E40F3CA00FD8A73 /* CBCSearch */;
			targetProxy = 3F6D76691E40F3CA00FD8A73 /* PBXContainerItemProxy */;
		};
/* End PBXTargetDependency section */

/* Begin PBXVariantGroup section */
		3F6D765B1E40F3CA00FD8A73 /* Main.storyboard */ = {
			isa = PBXVariantGroup;
			children = (
				3F6D765C1E40F3CA00FD8A73 /* Base */,
			);
			name = Main.storyboard;
			sourceTree = "<group>";
		};
		3F6D76601E40F3CA00FD8A73 /* LaunchScreen.storyboard */ = {
			isa = PBXVariantGroup;
			children = (
				3F6D76611E40F3CA00FD8A73 /* Base */,
			);
			name = LaunchScreen.storyboard;
			sourceTree = "<group>";
		};
/* End PBXVariantGroup section */

/* Begin XCBuildConfiguration section */
		3F6D766F1E40F3CA00FD8A73 /* Debug */ = {
			isa = XCBuildConfiguration;
			buildSettings = {
				ALWAYS_SEARCH_USER_PATHS = NO;
				CLANG_ANALYZER_NONNULL = YES;
				CLANG_CXX_LANGUAGE_STANDARD = "gnu++0x";
				CLANG_CXX_LIBRARY = "libc++";
				CLANG_ENABLE_MODULES = YES;
				CLANG_ENABLE_OBJC_ARC = YES;
				CLANG_WARN_BOOL_CONVERSION = YES;
				CLANG_WARN_CONSTANT_CONVERSION = YES;
				CLANG_WARN_DIRECT_OBJC_ISA_USAGE = YES_ERROR;
				CLANG_WARN_DOCUMENTATION_COMMENTS = YES;
				CLANG_WARN_EMPTY_BODY = YES;
				CLANG_WARN_ENUM_CONVERSION = YES;
				CLANG_WARN_INFINITE_RECURSION = YES;
				CLANG_WARN_INT_CONVERSION = YES;
				CLANG_WARN_OBJC_ROOT_CLASS = YES_ERROR;
				CLANG_WARN_SUSPICIOUS_MOVES = YES;
				CLANG_WARN_UNREACHABLE_CODE = YES;
				CLANG_WARN__DUPLICATE_METHOD_MATCH = YES;
				"CODE_SIGN_IDENTITY[sdk=iphoneos*]" = "iPhone Developer";
				COPY_PHASE_STRIP = NO;
				DEBUG_INFORMATION_FORMAT = dwarf;
				ENABLE_STRICT_OBJC_MSGSEND = YES;
				ENABLE_TESTABILITY = YES;
				GCC_C_LANGUAGE_STANDARD = gnu99;
				GCC_DYNAMIC_NO_PIC = NO;
				GCC_NO_COMMON_BLOCKS = YES;
				GCC_OPTIMIZATION_LEVEL = 0;
				GCC_PREPROCESSOR_DEFINITIONS = (
					"DEBUG=1",
					"$(inherited)",
				);
				GCC_WARN_64_TO_32_BIT_CONVERSION = YES;
				GCC_WARN_ABOUT_RETURN_TYPE = YES_ERROR;
				GCC_WARN_UNDECLARED_SELECTOR = YES;
				GCC_WARN_UNINITIALIZED_AUTOS = YES_AGGRESSIVE;
				GCC_WARN_UNUSED_FUNCTION = YES;
				GCC_WARN_UNUSED_VARIABLE = YES;
				IPHONEOS_DEPLOYMENT_TARGET = 10.0;
				MTL_ENABLE_DEBUG_INFO = YES;
				ONLY_ACTIVE_ARCH = YES;
				SDKROOT = iphoneos;
				SWIFT_ACTIVE_COMPILATION_CONDITIONS = DEBUG;
				SWIFT_OPTIMIZATION_LEVEL = "-Onone";
				TARGETED_DEVICE_FAMILY = "1,2";
			};
			name = Debug;
		};
		3F6D76701E40F3CA00FD8A73 /* Release */ = {
			isa = XCBuildConfiguration;
			buildSettings = {
				ALWAYS_SEARCH_USER_PATHS = NO;
				CLANG_ANALYZER_NONNULL = YES;
				CLANG_CXX_LANGUAGE_STANDARD = "gnu++0x";
				CLANG_CXX_LIBRARY = "libc++";
				CLANG_ENABLE_MODULES = YES;
				CLANG_ENABLE_OBJC_ARC = YES;
				CLANG_WARN_BOOL_CONVERSION = YES;
				CLANG_WARN_CONSTANT_CONVERSION = YES;
				CLANG_WARN_DIRECT_OBJC_ISA_USAGE = YES_ERROR;
				CLANG_WARN_DOCUMENTATION_COMMENTS = YES;
				CLANG_WARN_EMPTY_BODY = YES;
				CLANG_WARN_ENUM_CONVERSION = YES;
				CLANG_WARN_INFINITE_RECURSION = YES;
				CLANG_WARN_INT_CONVERSION = YES;
				CLANG_WARN_OBJC_ROOT_CLASS = YES_ERROR;
				CLANG_WARN_SUSPICIOUS_MOVES = YES;
				CLANG_WARN_UNREACHABLE_CODE = YES;
				CLANG_WARN__DUPLICATE_METHOD_MATCH = YES;
				"CODE_SIGN_IDENTITY[sdk=iphoneos*]" = "iPhone Developer";
				COPY_PHASE_STRIP = NO;
				DEBUG_INFORMATION_FORMAT = "dwarf-with-dsym";
				ENABLE_NS_ASSERTIONS = NO;
				ENABLE_STRICT_OBJC_MSGSEND = YES;
				GCC_C_LANGUAGE_STANDARD = gnu99;
				GCC_NO_COMMON_BLOCKS = YES;
				GCC_WARN_64_TO_32_BIT_CONVERSION = YES;
				GCC_WARN_ABOUT_RETURN_TYPE = YES_ERROR;
				GCC_WARN_UNDECLARED_SELECTOR = YES;
				GCC_WARN_UNINITIALIZED_AUTOS = YES_AGGRESSIVE;
				GCC_WARN_UNUSED_FUNCTION = YES;
				GCC_WARN_UNUSED_VARIABLE = YES;
				IPHONEOS_DEPLOYMENT_TARGET = 10.0;
				MTL_ENABLE_DEBUG_INFO = NO;
				SDKROOT = iphoneos;
				SWIFT_OPTIMIZATION_LEVEL = "-Owholemodule";
				TARGETED_DEVICE_FAMILY = "1,2";
				VALIDATE_PRODUCT = YES;
			};
			name = Release;
		};
		3F6D76721E40F3CA00FD8A73 /* Debug */ = {
			isa = XCBuildConfiguration;
			baseConfigurationReference = 529E10031981E292E8EA917D /* Pods-CBCSearch.debug.xcconfig */;
			buildSettings = {
				ASSETCATALOG_COMPILER_APPICON_NAME = AppIcon;
				DEVELOPMENT_TEAM = 3BTT3846RD;
				INFOPLIST_FILE = CBCSearch/Info.plist;
				LD_RUNPATH_SEARCH_PATHS = "$(inherited) @executable_path/Frameworks";
				PRODUCT_BUNDLE_IDENTIFIER = ca.cbc.CBCSearch;
				PRODUCT_NAME = "$(TARGET_NAME)";
				SWIFT_VERSION = 3.0;
			};
			name = Debug;
		};
		3F6D76731E40F3CA00FD8A73 /* Release */ = {
			isa = XCBuildConfiguration;
			baseConfigurationReference = D0BC006195D7FD87B99C8739 /* Pods-CBCSearch.release.xcconfig */;
			buildSettings = {
				ASSETCATALOG_COMPILER_APPICON_NAME = AppIcon;
				DEVELOPMENT_TEAM = 3BTT3846RD;
				INFOPLIST_FILE = CBCSearch/Info.plist;
				LD_RUNPATH_SEARCH_PATHS = "$(inherited) @executable_path/Frameworks";
				PRODUCT_BUNDLE_IDENTIFIER = ca.cbc.CBCSearch;
				PRODUCT_NAME = "$(TARGET_NAME)";
				SWIFT_VERSION = 3.0;
			};
			name = Release;
		};
		3F6D76751E40F3CA00FD8A73 /* Debug */ = {
			isa = XCBuildConfiguration;
			baseConfigurationReference = A194C4861936ED8C4B35FE41 /* Pods-CBCSearchTests.debug.xcconfig */;
			buildSettings = {
				ALWAYS_EMBED_SWIFT_STANDARD_LIBRARIES = YES;
				BUNDLE_LOADER = "$(TEST_HOST)";
				DEVELOPMENT_TEAM = 3BTT3846RD;
				INFOPLIST_FILE = CBCSearchTests/Info.plist;
				LD_RUNPATH_SEARCH_PATHS = "$(inherited) @executable_path/Frameworks @loader_path/Frameworks";
				PRODUCT_BUNDLE_IDENTIFIER = ca.cbc.CBCSearchTests;
				PRODUCT_NAME = "$(TARGET_NAME)";
				SWIFT_VERSION = 3.0;
				TEST_HOST = "$(BUILT_PRODUCTS_DIR)/CBCSearch.app/CBCSearch";
			};
			name = Debug;
		};
		3F6D76761E40F3CA00FD8A73 /* Release */ = {
			isa = XCBuildConfiguration;
			baseConfigurationReference = FAE75EB349C628A2193C295A /* Pods-CBCSearchTests.release.xcconfig */;
			buildSettings = {
				ALWAYS_EMBED_SWIFT_STANDARD_LIBRARIES = YES;
				BUNDLE_LOADER = "$(TEST_HOST)";
				DEVELOPMENT_TEAM = 3BTT3846RD;
				INFOPLIST_FILE = CBCSearchTests/Info.plist;
				LD_RUNPATH_SEARCH_PATHS = "$(inherited) @executable_path/Frameworks @loader_path/Frameworks";
				PRODUCT_BUNDLE_IDENTIFIER = ca.cbc.CBCSearchTests;
				PRODUCT_NAME = "$(TARGET_NAME)";
				SWIFT_VERSION = 3.0;
				TEST_HOST = "$(BUILT_PRODUCTS_DIR)/CBCSearch.app/CBCSearch";
			};
			name = Release;
		};
/* End XCBuildConfiguration section */

/* Begin XCConfigurationList section */
		3F6D764F1E40F3CA00FD8A73 /* Build configuration list for PBXProject "CBCSearch" */ = {
			isa = XCConfigurationList;
			buildConfigurations = (
				3F6D766F1E40F3CA00FD8A73 /* Debug */,
				3F6D76701E40F3CA00FD8A73 /* Release */,
			);
			defaultConfigurationIsVisible = 0;
			defaultConfigurationName = Release;
		};
		3F6D76711E40F3CA00FD8A73 /* Build configuration list for PBXNativeTarget "CBCSearch" */ = {
			isa = XCConfigurationList;
			buildConfigurations = (
				3F6D76721E40F3CA00FD8A73 /* Debug */,
				3F6D76731E40F3CA00FD8A73 /* Release */,
			);
			defaultConfigurationIsVisible = 0;
		};
		3F6D76741E40F3CA00FD8A73 /* Build configuration list for PBXNativeTarget "CBCSearchTests" */ = {
			isa = XCConfigurationList;
			buildConfigurations = (
				3F6D76751E40F3CA00FD8A73 /* Debug */,
				3F6D76761E40F3CA00FD8A73 /* Release */,
			);
			defaultConfigurationIsVisible = 0;
		};
/* End XCConfigurationList section */
	};
	rootObject = 3F6D764C1E40F3CA00FD8A73 /* Project object */;
}
